// !$*UTF8*$!
{
	archiveVersion = 1;
	classes = {
	};
	objectVersion = 50;
	objects = {

/* Begin PBXBuildFile section */
		825410EB252637420079D4A7 /* AppDelegate.swift in Sources */ = {isa = PBXBuildFile; fileRef = 825410EA252637420079D4A7 /* AppDelegate.swift */; };
		825410ED252637420079D4A7 /* SceneDelegate.swift in Sources */ = {isa = PBXBuildFile; fileRef = 825410EC252637420079D4A7 /* SceneDelegate.swift */; };
		825410EF252637420079D4A7 /* MemeEditorView.swift in Sources */ = {isa = PBXBuildFile; fileRef = 825410EE252637420079D4A7 /* MemeEditorView.swift */; };
		825410F2252637420079D4A7 /* Main.storyboard in Resources */ = {isa = PBXBuildFile; fileRef = 825410F0252637420079D4A7 /* Main.storyboard */; };
		825410F4252637440079D4A7 /* Assets.xcassets in Resources */ = {isa = PBXBuildFile; fileRef = 825410F3252637440079D4A7 /* Assets.xcassets */; };
		825410F7252637440079D4A7 /* LaunchScreen.storyboard in Resources */ = {isa = PBXBuildFile; fileRef = 825410F5252637440079D4A7 /* LaunchScreen.storyboard */; };
		8254110125268E7E0079D4A7 /* Meme.swift in Sources */ = {isa = PBXBuildFile; fileRef = 8254110025268E7D0079D4A7 /* Meme.swift */; };
		82D0CA84252BB9BF00A149A5 /* SentMemeTableViewController.swift in Sources */ = {isa = PBXBuildFile; fileRef = 82D0CA83252BB9BF00A149A5 /* SentMemeTableViewController.swift */; };
		82D0CA88252E14C800A149A5 /* SentMemeViewController.swift in Sources */ = {isa = PBXBuildFile; fileRef = 82D0CA87252E14C800A149A5 /* SentMemeViewController.swift */; };
		82D0CA8B252E486200A149A5 /* SentMemeCollectionViewController.swift in Sources */ = {isa = PBXBuildFile; fileRef = 82D0CA8A252E486200A149A5 /* SentMemeCollectionViewController.swift */; };
		82D0CA8E252E4B2400A149A5 /* CustomCollectionViewCell.swift in Sources */ = {isa = PBXBuildFile; fileRef = 82D0CA8D252E4B2400A149A5 /* CustomCollectionViewCell.swift */; };
		82D0CA92252E63CE00A149A5 /* MemeDetailViewController.swift in Sources */ = {isa = PBXBuildFile; fileRef = 82D0CA91252E63CD00A149A5 /* MemeDetailViewController.swift */; };
		82E232CC2527610B0083ED86 /* MemeEditorViewExtensions.swift in Sources */ = {isa = PBXBuildFile; fileRef = 82E232CB2527610B0083ED86 /* MemeEditorViewExtensions.swift */; };
/* End PBXBuildFile section */

/* Begin PBXFileReference section */
		825410E7252637420079D4A7 /* MemeMe1.0.app */ = {isa = PBXFileReference; explicitFileType = wrapper.application; includeInIndex = 0; path = MemeMe1.0.app; sourceTree = BUILT_PRODUCTS_DIR; };
		825410EA252637420079D4A7 /* AppDelegate.swift */ = {isa = PBXFileReference; lastKnownFileType = sourcecode.swift; path = AppDelegate.swift; sourceTree = "<group>"; };
		825410EC252637420079D4A7 /* SceneDelegate.swift */ = {isa = PBXFileReference; lastKnownFileType = sourcecode.swift; path = SceneDelegate.swift; sourceTree = "<group>"; };
		825410EE252637420079D4A7 /* MemeEditorView.swift */ = {isa = PBXFileReference; lastKnownFileType = sourcecode.swift; path = MemeEditorView.swift; sourceTree = "<group>"; };
		825410F1252637420079D4A7 /* Base */ = {isa = PBXFileReference; lastKnownFileType = file.storyboard; name = Base; path = Base.lproj/Main.storyboard; sourceTree = "<group>"; };
		825410F3252637440079D4A7 /* Assets.xcassets */ = {isa = PBXFileReference; lastKnownFileType = folder.assetcatalog; path = Assets.xcassets; sourceTree = "<group>"; };
		825410F6252637440079D4A7 /* Base */ = {isa = PBXFileReference; lastKnownFileType = file.storyboard; name = Base; path = Base.lproj/LaunchScreen.storyboard; sourceTree = "<group>"; };
		825410F8252637440079D4A7 /* Info.plist */ = {isa = PBXFileReference; lastKnownFileType = text.plist.xml; path = Info.plist; sourceTree = "<group>"; };
		8254110025268E7D0079D4A7 /* Meme.swift */ = {isa = PBXFileReference; lastKnownFileType = sourcecode.swift; path = Meme.swift; sourceTree = "<group>"; };
		82D0CA83252BB9BF00A149A5 /* SentMemeTableViewController.swift */ = {isa = PBXFileReference; lastKnownFileType = sourcecode.swift; path = SentMemeTableViewController.swift; sourceTree = "<group>"; };
		82D0CA87252E14C800A149A5 /* SentMemeViewController.swift */ = {isa = PBXFileReference; lastKnownFileType = sourcecode.swift; path = SentMemeViewController.swift; sourceTree = "<group>"; };
		82D0CA8A252E486200A149A5 /* SentMemeCollectionViewController.swift */ = {isa = PBXFileReference; lastKnownFileType = sourcecode.swift; path = SentMemeCollectionViewController.swift; sourceTree = "<group>"; };
		82D0CA8D252E4B2400A149A5 /* CustomCollectionViewCell.swift */ = {isa = PBXFileReference; lastKnownFileType = sourcecode.swift; path = CustomCollectionViewCell.swift; sourceTree = "<group>"; };
		82D0CA91252E63CD00A149A5 /* MemeDetailViewController.swift */ = {isa = PBXFileReference; lastKnownFileType = sourcecode.swift; path = MemeDetailViewController.swift; sourceTree = "<group>"; };
		82E232CB2527610B0083ED86 /* MemeEditorViewExtensions.swift */ = {isa = PBXFileReference; lastKnownFileType = sourcecode.swift; path = MemeEditorViewExtensions.swift; sourceTree = "<group>"; };
/* End PBXFileReference section */

/* Begin PBXFrameworksBuildPhase section */
		825410E4252637420079D4A7 /* Frameworks */ = {
			isa = PBXFrameworksBuildPhase;
			buildActionMask = 2147483647;
			files = (
			);
			runOnlyForDeploymentPostprocessing = 0;
		};
/* End PBXFrameworksBuildPhase section */

/* Begin PBXGroup section */
		825410DE252637420079D4A7 = {
			isa = PBXGroup;
			children = (
				825410E9252637420079D4A7 /* MemeMe1.0 */,
				825410E8252637420079D4A7 /* Products */,
			);
			sourceTree = "<group>";
		};
		825410E8252637420079D4A7 /* Products */ = {
			isa = PBXGroup;
			children = (
				825410E7252637420079D4A7 /* MemeMe1.0.app */,
			);
			name = Products;
			sourceTree = "<group>";
		};
		825410E9252637420079D4A7 /* MemeMe1.0 */ = {
			isa = PBXGroup;
			children = (
				825410EA252637420079D4A7 /* AppDelegate.swift */,
				825410EC252637420079D4A7 /* SceneDelegate.swift */,
				825410EE252637420079D4A7 /* MemeEditorView.swift */,
				82D0CA83252BB9BF00A149A5 /* SentMemeTableViewController.swift */,
				82D0CA91252E63CD00A149A5 /* MemeDetailViewController.swift */,
				82D0CA8A252E486200A149A5 /* SentMemeCollectionViewController.swift */,
				82D0CA87252E14C800A149A5 /* SentMemeViewController.swift */,
				82E232CB2527610B0083ED86 /* MemeEditorViewExtensions.swift */,
				825410F0252637420079D4A7 /* Main.storyboard */,
				82D0CA8D252E4B2400A149A5 /* CustomCollectionViewCell.swift */,
				825410F3252637440079D4A7 /* Assets.xcassets */,
				825410F5252637440079D4A7 /* LaunchScreen.storyboard */,
				825410F8252637440079D4A7 /* Info.plist */,
				8254110025268E7D0079D4A7 /* Meme.swift */,
			);
			path = MemeMe1.0;
			sourceTree = "<group>";
		};
/* End PBXGroup section */

/* Begin PBXNativeTarget section */
		825410E6252637420079D4A7 /* MemeMe1.0 */ = {
			isa = PBXNativeTarget;
			buildConfigurationList = 825410FB252637440079D4A7 /* Build configuration list for PBXNativeTarget "MemeMe1.0" */;
			buildPhases = (
				825410E3252637420079D4A7 /* Sources */,
				825410E4252637420079D4A7 /* Frameworks */,
				825410E5252637420079D4A7 /* Resources */,
			);
			buildRules = (
			);
			dependencies = (
			);
			name = MemeMe1.0;
			productName = MemeMe1.0;
			productReference = 825410E7252637420079D4A7 /* MemeMe1.0.app */;
			productType = "com.apple.product-type.application";
		};
/* End PBXNativeTarget section */

/* Begin PBXProject section */
		825410DF252637420079D4A7 /* Project object */ = {
			isa = PBXProject;
			attributes = {
				LastSwiftUpdateCheck = 1200;
				LastUpgradeCheck = 1200;
				TargetAttributes = {
					825410E6252637420079D4A7 = {
						CreatedOnToolsVersion = 12.0.1;
					};
				};
			};
			buildConfigurationList = 825410E2252637420079D4A7 /* Build configuration list for PBXProject "MemeMe1.0" */;
			compatibilityVersion = "Xcode 9.3";
			developmentRegion = en;
			hasScannedForEncodings = 0;
			knownRegions = (
				en,
				Base,
			);
			mainGroup = 825410DE252637420079D4A7;
			productRefGroup = 825410E8252637420079D4A7 /* Products */;
			projectDirPath = "";
			projectRoot = "";
			targets = (
				825410E6252637420079D4A7 /* MemeMe1.0 */,
			);
		};
/* End PBXProject section */

/* Begin PBXResourcesBuildPhase section */
		825410E5252637420079D4A7 /* Resources */ = {
			isa = PBXResourcesBuildPhase;
			buildActionMask = 2147483647;
			files = (
				825410F7252637440079D4A7 /* LaunchScreen.storyboard in Resources */,
				825410F4252637440079D4A7 /* Assets.xcassets in Resources */,
				825410F2252637420079D4A7 /* Main.storyboard in Resources */,
			);
			runOnlyForDeploymentPostprocessing = 0;
		};
/* End PBXResourcesBuildPhase section */

/* Begin PBXSourcesBuildPhase section */
		825410E3252637420079D4A7 /* Sources */ = {
			isa = PBXSourcesBuildPhase;
			buildActionMask = 2147483647;
			files = (
				82D0CA88252E14C800A149A5 /* SentMemeViewController.swift in Sources */,
				825410EF252637420079D4A7 /* MemeEditorView.swift in Sources */,
				82D0CA8E252E4B2400A149A5 /* CustomCollectionViewCell.swift in Sources */,
				82D0CA8B252E486200A149A5 /* SentMemeCollectionViewController.swift in Sources */,
				8254110125268E7E0079D4A7 /* Meme.swift in Sources */,
				825410EB252637420079D4A7 /* AppDelegate.swift in Sources */,
				82E232CC2527610B0083ED86 /* MemeEditorViewExtensions.swift in Sources */,
				82D0CA84252BB9BF00A149A5 /* SentMemeTableViewController.swift in Sources */,
				825410ED252637420079D4A7 /* SceneDelegate.swift in Sources */,
				82D0CA92252E63CE00A149A5 /* MemeDetailViewController.swift in Sources */,
			);
			runOnlyForDeploymentPostprocessing = 0;
		};
/* End PBXSourcesBuildPhase section */

/* Begin PBXVariantGroup section */
		825410F0252637420079D4A7 /* Main.storyboard */ = {
			isa = PBXVariantGroup;
			children = (
				825410F1252637420079D4A7 /* Base */,
			);
			name = Main.storyboard;
			sourceTree = "<group>";
		};
		825410F5252637440079D4A7 /* LaunchScreen.storyboard */ = {
			isa = PBXVariantGroup;
			children = (
				825410F6252637440079D4A7 /* Base */,
			);
			name = LaunchScreen.storyboard;
			sourceTree = "<group>";
		};
/* End PBXVariantGroup section */

/* Begin XCBuildConfiguration section */
		825410F9252637440079D4A7 /* Debug */ = {
			isa = XCBuildConfiguration;
			buildSettings = {
				ALWAYS_SEARCH_USER_PATHS = NO;
				CLANG_ANALYZER_NONNULL = YES;
				CLANG_ANALYZER_NUMBER_OBJECT_CONVERSION = YES_AGGRESSIVE;
				CLANG_CXX_LANGUAGE_STANDARD = "gnu++14";
				CLANG_CXX_LIBRARY = "libc++";
				CLANG_ENABLE_MODULES = YES;
				CLANG_ENABLE_OBJC_ARC = YES;
				CLANG_ENABLE_OBJC_WEAK = YES;
				CLANG_WARN_BLOCK_CAPTURE_AUTORELEASING = YES;
				CLANG_WARN_BOOL_CONVERSION = YES;
				CLANG_WARN_COMMA = YES;
				CLANG_WARN_CONSTANT_CONVERSION = YES;
				CLANG_WARN_DEPRECATED_OBJC_IMPLEMENTATIONS = YES;
				CLANG_WARN_DIRECT_OBJC_ISA_USAGE = YES_ERROR;
				CLANG_WARN_DOCUMENTATION_COMMENTS = YES;
				CLANG_WARN_EMPTY_BODY = YES;
				CLANG_WARN_ENUM_CONVERSION = YES;
				CLANG_WARN_INFINITE_RECURSION = YES;
				CLANG_WARN_INT_CONVERSION = YES;
				CLANG_WARN_NON_LITERAL_NULL_CONVERSION = YES;
				CLANG_WARN_OBJC_IMPLICIT_RETAIN_SELF = YES;
				CLANG_WARN_OBJC_LITERAL_CONVERSION = YES;
				CLANG_WARN_OBJC_ROOT_CLASS = YES_ERROR;
				CLANG_WARN_QUOTED_INCLUDE_IN_FRAMEWORK_HEADER = YES;
				CLANG_WARN_RANGE_LOOP_ANALYSIS = YES;
				CLANG_WARN_STRICT_PROTOTYPES = YES;
				CLANG_WARN_SUSPICIOUS_MOVE = YES;
				CLANG_WARN_UNGUARDED_AVAILABILITY = YES_AGGRESSIVE;
				CLANG_WARN_UNREACHABLE_CODE = YES;
				CLANG_WARN__DUPLICATE_METHOD_MATCH = YES;
				COPY_PHASE_STRIP = NO;
				DEBUG_INFORMATION_FORMAT = dwarf;
				ENABLE_STRICT_OBJC_MSGSEND = YES;
				ENABLE_TESTABILITY = YES;
				GCC_C_LANGUAGE_STANDARD = gnu11;
				GCC_DYNAMIC_NO_PIC = NO;
				GCC_NO_COMMON_BLOCKS = YES;
				GCC_OPTIMIZATION_LEVEL = 0;
				GCC_PREPROCESSOR_DEFINITIONS = (
					"DEBUG=1",
					"$(inherited)",
				);
				GCC_WARN_64_TO_32_BIT_CONVERSION = YES;
				GCC_WARN_ABOUT_RETURN_TYPE = YES_ERROR;
				GCC_WARN_UNDECLARED_SELECTOR = YES;
				GCC_WARN_UNINITIALIZED_AUTOS = YES_AGGRESSIVE;
				GCC_WARN_UNUSED_FUNCTION = YES;
				GCC_WARN_UNUSED_VARIABLE = YES;
				IPHONEOS_DEPLOYMENT_TARGET = 14.0;
				MTL_ENABLE_DEBUG_INFO = INCLUDE_SOURCE;
				MTL_FAST_MATH = YES;
				ONLY_ACTIVE_ARCH = YES;
				SDKROOT = iphoneos;
				SWIFT_ACTIVE_COMPILATION_CONDITIONS = DEBUG;
				SWIFT_OPTIMIZATION_LEVEL = "-Onone";
			};
			name = Debug;
		};
		825410FA252637440079D4A7 /* Release */ = {
			isa = XCBuildConfiguration;
			buildSettings = {
				ALWAYS_SEARCH_USER_PATHS = NO;
				CLANG_ANALYZER_NONNULL = YES;
				CLANG_ANALYZER_NUMBER_OBJECT_CONVERSION = YES_AGGRESSIVE;
				CLANG_CXX_LANGUAGE_STANDARD = "gnu++14";
				CLANG_CXX_LIBRARY = "libc++";
				CLANG_ENABLE_MODULES = YES;
				CLANG_ENABLE_OBJC_ARC = YES;
				CLANG_ENABLE_OBJC_WEAK = YES;
				CLANG_WARN_BLOCK_CAPTURE_AUTORELEASING = YES;
				CLANG_WARN_BOOL_CONVERSION = YES;
				CLANG_WARN_COMMA = YES;
				CLANG_WARN_CONSTANT_CONVERSION = YES;
				CLANG_WARN_DEPRECATED_OBJC_IMPLEMENTATIONS = YES;
				CLANG_WARN_DIRECT_OBJC_ISA_USAGE = YES_ERROR;
				CLANG_WARN_DOCUMENTATION_COMMENTS = YES;
				CLANG_WARN_EMPTY_BODY = YES;
				CLANG_WARN_ENUM_CONVERSION = YES;
				CLANG_WARN_INFINITE_RECURSION = YES;
				CLANG_WARN_INT_CONVERSION = YES;
				CLANG_WARN_NON_LITERAL_NULL_CONVERSION = YES;
				CLANG_WARN_OBJC_IMPLICIT_RETAIN_SELF = YES;
				CLANG_WARN_OBJC_LITERAL_CONVERSION = YES;
				CLANG_WARN_OBJC_ROOT_CLASS = YES_ERROR;
				CLANG_WARN_QUOTED_INCLUDE_IN_FRAMEWORK_HEADER = YES;
				CLANG_WARN_RANGE_LOOP_ANALYSIS = YES;
				CLANG_WARN_STRICT_PROTOTYPES = YES;
				CLANG_WARN_SUSPICIOUS_MOVE = YES;
				CLANG_WARN_UNGUARDED_AVAILABILITY = YES_AGGRESSIVE;
				CLANG_WARN_UNREACHABLE_CODE = YES;
				CLANG_WARN__DUPLICATE_METHOD_MATCH = YES;
				COPY_PHASE_STRIP = NO;
				DEBUG_INFORMATION_FORMAT = "dwarf-with-dsym";
				ENABLE_NS_ASSERTIONS = NO;
				ENABLE_STRICT_OBJC_MSGSEND = YES;
				GCC_C_LANGUAGE_STANDARD = gnu11;
				GCC_NO_COMMON_BLOCKS = YES;
				GCC_WARN_64_TO_32_BIT_CONVERSION = YES;
				GCC_WARN_ABOUT_RETURN_TYPE = YES_ERROR;
				GCC_WARN_UNDECLARED_SELECTOR = YES;
				GCC_WARN_UNINITIALIZED_AUTOS = YES_AGGRESSIVE;
				GCC_WARN_UNUSED_FUNCTION = YES;
				GCC_WARN_UNUSED_VARIABLE = YES;
				IPHONEOS_DEPLOYMENT_TARGET = 14.0;
				MTL_ENABLE_DEBUG_INFO = NO;
				MTL_FAST_MATH = YES;
				SDKROOT = iphoneos;
				SWIFT_COMPILATION_MODE = wholemodule;
				SWIFT_OPTIMIZATION_LEVEL = "-O";
				VALIDATE_PRODUCT = YES;
			};
			name = Release;
		};
		825410FC252637440079D4A7 /* Debug */ = {
			isa = XCBuildConfiguration;
			buildSettings = {
				ASSETCATALOG_COMPILER_APPICON_NAME = AppIcon;
				ASSETCATALOG_COMPILER_GLOBAL_ACCENT_COLOR_NAME = AccentColor;
				CODE_SIGN_STYLE = Automatic;
				DEVELOPMENT_TEAM = 863D5G6U7P;
				INFOPLIST_FILE = MemeMe1.0/Info.plist;
				LD_RUNPATH_SEARCH_PATHS = (
					"$(inherited)",
					"@executable_path/Frameworks",
				);
				PRODUCT_BUNDLE_IDENTIFIER = "com.CedricMorier-Roy.MemeMe1-0";
				PRODUCT_NAME = "$(TARGET_NAME)";
				SWIFT_VERSION = 5.0;
				TARGETED_DEVICE_FAMILY = "1,2";
			};
			name = Debug;
		};
		825410FD252637440079D4A7 /* Release */ = {
			isa = XCBuildConfiguration;
			buildSettings = {
				ASSETCATALOG_COMPILER_APPICON_NAME = AppIcon;
				ASSETCATALOG_COMPILER_GLOBAL_ACCENT_COLOR_NAME = AccentColor;
				CODE_SIGN_STYLE = Automatic;
				DEVELOPMENT_TEAM = 863D5G6U7P;
				INFOPLIST_FILE = MemeMe1.0/Info.plist;
				LD_RUNPATH_SEARCH_PATHS = (
					"$(inherited)",
					"@executable_path/Frameworks",
				);
				PRODUCT_BUNDLE_IDENTIFIER = "com.CedricMorier-Roy.MemeMe1-0";
				PRODUCT_NAME = "$(TARGET_NAME)";
				SWIFT_VERSION = 5.0;
				TARGETED_DEVICE_FAMILY = "1,2";
			};
			name = Release;
		};
/* End XCBuildConfiguration section */

/* Begin XCConfigurationList section */
		825410E2252637420079D4A7 /* Build configuration list for PBXProject "MemeMe1.0" */ = {
			isa = XCConfigurationList;
			buildConfigurations = (
				825410F9252637440079D4A7 /* Debug */,
				825410FA252637440079D4A7 /* Release */,
			);
			defaultConfigurationIsVisible = 0;
			defaultConfigurationName = Release;
		};
		825410FB252637440079D4A7 /* Build configuration list for PBXNativeTarget "MemeMe1.0" */ = {
			isa = XCConfigurationList;
			buildConfigurations = (
				825410FC252637440079D4A7 /* Debug */,
				825410FD252637440079D4A7 /* Release */,
			);
			defaultConfigurationIsVisible = 0;
			defaultConfigurationName = Release;
		};
/* End XCConfigurationList section */
	};
	rootObject = 825410DF252637420079D4A7 /* Project object */;
}
